
Microsoft Visual Studio Solution File, Format Version 12.00
# Visual Studio Version 17
VisualStudioVersion = 17.11.35327.3
MinimumVisualStudioVersion = 10.0.40219.1
Project("{888888A0-9F3D-457C-B088-3A5042F75D52}") = "Customer_Clustering", "Customer_Clustering.pyproj", "{4979C981-67BE-4D5B-AAE2-A441D3F2ADDC}"
EndProject
Global
	GlobalSection(SolutionConfigurationPlatforms) = preSolution
		Debug|Any CPU = Debug|Any CPU
		Release|Any CPU = Release|Any CPU
	EndGlobalSection
	GlobalSection(ProjectConfigurationPlatforms) = postSolution
		{4979C981-67BE-4D5B-AAE2-A441D3F2ADDC}.Debug|Any CPU.ActiveCfg = Debug|Any CPU
		{4979C981-67BE-4D5B-AAE2-A441D3F2ADDC}.Release|Any CPU.ActiveCfg = Release|Any CPU
	EndGlobalSection
	GlobalSection(SolutionProperties) = preSolution
		HideSolutionNode = FALSE
	EndGlobalSection
	GlobalSection(ExtensibilityGlobals) = postSolution
		SolutionGuid = {83598F51-BB13-46DC-AFDD-BF0F8ACF7020}
	EndGlobalSection
EndGlobal
